// !$*UTF8*$!
{
	archiveVersion = 1;
	classes = {
	};
	objectVersion = 50;
	objects = {

/* Begin PBXBuildFile section */
		C27DBBFF234D70A0003F6F35 /* AppDelegate.swift in Sources */ = {isa = PBXBuildFile; fileRef = C27DBBFE234D70A0003F6F35 /* AppDelegate.swift */; };
		C27DBC01234D70A0003F6F35 /* SceneDelegate.swift in Sources */ = {isa = PBXBuildFile; fileRef = C27DBC00234D70A0003F6F35 /* SceneDelegate.swift */; };
		C27DBC03234D70A0003F6F35 /* ContentView.swift in Sources */ = {isa = PBXBuildFile; fileRef = C27DBC02234D70A0003F6F35 /* ContentView.swift */; };
		C27DBC05234D70A4003F6F35 /* Assets.xcassets in Resources */ = {isa = PBXBuildFile; fileRef = C27DBC04234D70A4003F6F35 /* Assets.xcassets */; };
		C27DBC08234D70A4003F6F35 /* Preview Assets.xcassets in Resources */ = {isa = PBXBuildFile; fileRef = C27DBC07234D70A4003F6F35 /* Preview Assets.xcassets */; };
		C27DBC0B234D70A4003F6F35 /* LaunchScreen.storyboard in Resources */ = {isa = PBXBuildFile; fileRef = C27DBC09234D70A4003F6F35 /* LaunchScreen.storyboard */; };
		C27DBC16234D70A5003F6F35 /* SwiftUIDemoTests.swift in Sources */ = {isa = PBXBuildFile; fileRef = C27DBC15234D70A5003F6F35 /* SwiftUIDemoTests.swift */; };
		C27DBC21234D70A5003F6F35 /* SwiftUIDemoUITests.swift in Sources */ = {isa = PBXBuildFile; fileRef = C27DBC20234D70A5003F6F35 /* SwiftUIDemoUITests.swift */; };
		C27DBC2F234D8429003F6F35 /* CircleImage.swift in Sources */ = {isa = PBXBuildFile; fileRef = C27DBC2E234D8429003F6F35 /* CircleImage.swift */; };
/* End PBXBuildFile section */

/* Begin PBXContainerItemProxy section */
		C27DBC12234D70A5003F6F35 /* PBXContainerItemProxy */ = {
			isa = PBXContainerItemProxy;
			containerPortal = C27DBBF3234D709F003F6F35 /* Project object */;
			proxyType = 1;
			remoteGlobalIDString = C27DBBFA234D70A0003F6F35;
			remoteInfo = SwiftUIDemo;
		};
		C27DBC1D234D70A5003F6F35 /* PBXContainerItemProxy */ = {
			isa = PBXContainerItemProxy;
			containerPortal = C27DBBF3234D709F003F6F35 /* Project object */;
			proxyType = 1;
			remoteGlobalIDString = C27DBBFA234D70A0003F6F35;
			remoteInfo = SwiftUIDemo;
		};
/* End PBXContainerItemProxy section */

/* Begin PBXFileReference section */
		C27DBBFB234D70A0003F6F35 /* SwiftUIDemo.app */ = {isa = PBXFileReference; explicitFileType = wrapper.application; includeInIndex = 0; path = SwiftUIDemo.app; sourceTree = BUILT_PRODUCTS_DIR; };
		C27DBBFE234D70A0003F6F35 /* AppDelegate.swift */ = {isa = PBXFileReference; lastKnownFileType = sourcecode.swift; path = AppDelegate.swift; sourceTree = "<group>"; };
		C27DBC00234D70A0003F6F35 /* SceneDelegate.swift */ = {isa = PBXFileReference; lastKnownFileType = sourcecode.swift; path = SceneDelegate.swift; sourceTree = "<group>"; };
		C27DBC02234D70A0003F6F35 /* ContentView.swift */ = {isa = PBXFileReference; lastKnownFileType = sourcecode.swift; path = ContentView.swift; sourceTree = "<group>"; };
		C27DBC04234D70A4003F6F35 /* Assets.xcassets */ = {isa = PBXFileReference; lastKnownFileType = folder.assetcatalog; path = Assets.xcassets; sourceTree = "<group>"; };
		C27DBC07234D70A4003F6F35 /* Preview Assets.xcassets */ = {isa = PBXFileReference; lastKnownFileType = folder.assetcatalog; path = "Preview Assets.xcassets"; sourceTree = "<group>"; };
		C27DBC0A234D70A4003F6F35 /* Base */ = {isa = PBXFileReference; lastKnownFileType = file.storyboard; name = Base; path = Base.lproj/LaunchScreen.storyboard; sourceTree = "<group>"; };
		C27DBC0C234D70A4003F6F35 /* Info.plist */ = {isa = PBXFileReference; lastKnownFileType = text.plist.xml; path = Info.plist; sourceTree = "<group>"; };
		C27DBC11234D70A5003F6F35 /* SwiftUIDemoTests.xctest */ = {isa = PBXFileReference; explicitFileType = wrapper.cfbundle; includeInIndex = 0; path = SwiftUIDemoTests.xctest; sourceTree = BUILT_PRODUCTS_DIR; };
		C27DBC15234D70A5003F6F35 /* SwiftUIDemoTests.swift */ = {isa = PBXFileReference; lastKnownFileType = sourcecode.swift; path = SwiftUIDemoTests.swift; sourceTree = "<group>"; };
		C27DBC17234D70A5003F6F35 /* Info.plist */ = {isa = PBXFileReference; lastKnownFileType = text.plist.xml; path = Info.plist; sourceTree = "<group>"; };
		C27DBC1C234D70A5003F6F35 /* SwiftUIDemoUITests.xctest */ = {isa = PBXFileReference; explicitFileType = wrapper.cfbundle; includeInIndex = 0; path = SwiftUIDemoUITests.xctest; sourceTree = BUILT_PRODUCTS_DIR; };
		C27DBC20234D70A5003F6F35 /* SwiftUIDemoUITests.swift */ = {isa = PBXFileReference; lastKnownFileType = sourcecode.swift; path = SwiftUIDemoUITests.swift; sourceTree = "<group>"; };
		C27DBC22234D70A5003F6F35 /* Info.plist */ = {isa = PBXFileReference; lastKnownFileType = text.plist.xml; path = Info.plist; sourceTree = "<group>"; };
		C27DBC2E234D8429003F6F35 /* CircleImage.swift */ = {isa = PBXFileReference; lastKnownFileType = sourcecode.swift; path = CircleImage.swift; sourceTree = "<group>"; };
/* End PBXFileReference section */

/* Begin PBXFrameworksBuildPhase section */
		C27DBBF8234D70A0003F6F35 /* Frameworks */ = {
			isa = PBXFrameworksBuildPhase;
			buildActionMask = 2147483647;
			files = (
			);
			runOnlyForDeploymentPostprocessing = 0;
		};
		C27DBC0E234D70A5003F6F35 /* Frameworks */ = {
			isa = PBXFrameworksBuildPhase;
			buildActionMask = 2147483647;
			files = (
			);
			runOnlyForDeploymentPostprocessing = 0;
		};
		C27DBC19234D70A5003F6F35 /* Frameworks */ = {
			isa = PBXFrameworksBuildPhase;
			buildActionMask = 2147483647;
			files = (
			);
			runOnlyForDeploymentPostprocessing = 0;
		};
/* End PBXFrameworksBuildPhase section */

/* Begin PBXGroup section */
		C27DBBF2234D709F003F6F35 = {
			isa = PBXGroup;
			children = (
				C27DBBFD234D70A0003F6F35 /* SwiftUIDemo */,
				C27DBC14234D70A5003F6F35 /* SwiftUIDemoTests */,
				C27DBC1F234D70A5003F6F35 /* SwiftUIDemoUITests */,
				C27DBBFC234D70A0003F6F35 /* Products */,
			);
			sourceTree = "<group>";
		};
		C27DBBFC234D70A0003F6F35 /* Products */ = {
			isa = PBXGroup;
			children = (
				C27DBBFB234D70A0003F6F35 /* SwiftUIDemo.app */,
				C27DBC11234D70A5003F6F35 /* SwiftUIDemoTests.xctest */,
				C27DBC1C234D70A5003F6F35 /* SwiftUIDemoUITests.xctest */,
			);
			name = Products;
			sourceTree = "<group>";
		};
		C27DBBFD234D70A0003F6F35 /* SwiftUIDemo */ = {
			isa = PBXGroup;
			children = (
				C27DBBFE234D70A0003F6F35 /* AppDelegate.swift */,
				C27DBC00234D70A0003F6F35 /* SceneDelegate.swift */,
				C27DBC02234D70A0003F6F35 /* ContentView.swift */,
				C27DBC2E234D8429003F6F35 /* CircleImage.swift */,
				C27DBC04234D70A4003F6F35 /* Assets.xcassets */,
				C27DBC09234D70A4003F6F35 /* LaunchScreen.storyboard */,
				C27DBC0C234D70A4003F6F35 /* Info.plist */,
				C27DBC06234D70A4003F6F35 /* Preview Content */,
			);
			path = SwiftUIDemo;
			sourceTree = "<group>";
		};
		C27DBC06234D70A4003F6F35 /* Preview Content */ = {
			isa = PBXGroup;
			children = (
				C27DBC07234D70A4003F6F35 /* Preview Assets.xcassets */,
			);
			path = "Preview Content";
			sourceTree = "<group>";
		};
		C27DBC14234D70A5003F6F35 /* SwiftUIDemoTests */ = {
			isa = PBXGroup;
			children = (
				C27DBC15234D70A5003F6F35 /* SwiftUIDemoTests.swift */,
				C27DBC17234D70A5003F6F35 /* Info.plist */,
			);
			path = SwiftUIDemoTests;
			sourceTree = "<group>";
		};
		C27DBC1F234D70A5003F6F35 /* SwiftUIDemoUITests */ = {
			isa = PBXGroup;
			children = (
				C27DBC20234D70A5003F6F35 /* SwiftUIDemoUITests.swift */,
				C27DBC22234D70A5003F6F35 /* Info.plist */,
			);
			path = SwiftUIDemoUITests;
			sourceTree = "<group>";
		};
/* End PBXGroup section */

/* Begin PBXNativeTarget section */
		C27DBBFA234D70A0003F6F35 /* SwiftUIDemo */ = {
			isa = PBXNativeTarget;
			buildConfigurationList = C27DBC25234D70A5003F6F35 /* Build configuration list for PBXNativeTarget "SwiftUIDemo" */;
			buildPhases = (
				C27DBBF7234D70A0003F6F35 /* Sources */,
				C27DBBF8234D70A0003F6F35 /* Frameworks */,
				C27DBBF9234D70A0003F6F35 /* Resources */,
			);
			buildRules = (
			);
			dependencies = (
			);
			name = SwiftUIDemo;
			productName = SwiftUIDemo;
			productReference = C27DBBFB234D70A0003F6F35 /* SwiftUIDemo.app */;
			productType = "com.apple.product-type.application";
		};
		C27DBC10234D70A5003F6F35 /* SwiftUIDemoTests */ = {
			isa = PBXNativeTarget;
			buildConfigurationList = C27DBC28234D70A5003F6F35 /* Build configuration list for PBXNativeTarget "SwiftUIDemoTests" */;
			buildPhases = (
				C27DBC0D234D70A5003F6F35 /* Sources */,
				C27DBC0E234D70A5003F6F35 /* Frameworks */,
				C27DBC0F234D70A5003F6F35 /* Resources */,
			);
			buildRules = (
			);
			dependencies = (
				C27DBC13234D70A5003F6F35 /* PBXTargetDependency */,
			);
			name = SwiftUIDemoTests;
			productName = SwiftUIDemoTests;
			productReference = C27DBC11234D70A5003F6F35 /* SwiftUIDemoTests.xctest */;
			productType = "com.apple.product-type.bundle.unit-test";
		};
		C27DBC1B234D70A5003F6F35 /* SwiftUIDemoUITests */ = {
			isa = PBXNativeTarget;
			buildConfigurationList = C27DBC2B234D70A5003F6F35 /* Build configuration list for PBXNativeTarget "SwiftUIDemoUITests" */;
			buildPhases = (
				C27DBC18234D70A5003F6F35 /* Sources */,
				C27DBC19234D70A5003F6F35 /* Frameworks */,
				C27DBC1A234D70A5003F6F35 /* Resources */,
			);
			buildRules = (
			);
			dependencies = (
				C27DBC1E234D70A5003F6F35 /* PBXTargetDependency */,
			);
			name = SwiftUIDemoUITests;
			productName = SwiftUIDemoUITests;
			productReference = C27DBC1C234D70A5003F6F35 /* SwiftUIDemoUITests.xctest */;
			productType = "com.apple.product-type.bundle.ui-testing";
		};
/* End PBXNativeTarget section */

/* Begin PBXProject section */
		C27DBBF3234D709F003F6F35 /* Project object */ = {
			isa = PBXProject;
			attributes = {
				LastSwiftUpdateCheck = 1110;
				LastUpgradeCheck = 1110;
				ORGANIZATIONNAME = _zone;
				TargetAttributes = {
					C27DBBFA234D70A0003F6F35 = {
						CreatedOnToolsVersion = 11.1;
					};
					C27DBC10234D70A5003F6F35 = {
						CreatedOnToolsVersion = 11.1;
						TestTargetID = C27DBBFA234D70A0003F6F35;
					};
					C27DBC1B234D70A5003F6F35 = {
						CreatedOnToolsVersion = 11.1;
						TestTargetID = C27DBBFA234D70A0003F6F35;
					};
				};
			};
			buildConfigurationList = C27DBBF6234D709F003F6F35 /* Build configuration list for PBXProject "SwiftUIDemo" */;
			compatibilityVersion = "Xcode 9.3";
			developmentRegion = en;
			hasScannedForEncodings = 0;
			knownRegions = (
				en,
				Base,
			);
			mainGroup = C27DBBF2234D709F003F6F35;
			productRefGroup = C27DBBFC234D70A0003F6F35 /* Products */;
			projectDirPath = "";
			projectRoot = "";
			targets = (
				C27DBBFA234D70A0003F6F35 /* SwiftUIDemo */,
				C27DBC10234D70A5003F6F35 /* SwiftUIDemoTests */,
				C27DBC1B234D70A5003F6F35 /* SwiftUIDemoUITests */,
			);
		};
/* End PBXProject section */

/* Begin PBXResourcesBuildPhase section */
		C27DBBF9234D70A0003F6F35 /* Resources */ = {
			isa = PBXResourcesBuildPhase;
			buildActionMask = 2147483647;
			files = (
				C27DBC0B234D70A4003F6F35 /* LaunchScreen.storyboard in Resources */,
				C27DBC08234D70A4003F6F35 /* Preview Assets.xcassets in Resources */,
				C27DBC05234D70A4003F6F35 /* Assets.xcassets in Resources */,
			);
			runOnlyForDeploymentPostprocessing = 0;
		};
		C27DBC0F234D70A5003F6F35 /* Resources */ = {
			isa = PBXResourcesBuildPhase;
			buildActionMask = 2147483647;
			files = (
			);
			runOnlyForDeploymentPostprocessing = 0;
		};
		C27DBC1A234D70A5003F6F35 /* Resources */ = {
			isa = PBXResourcesBuildPhase;
			buildActionMask = 2147483647;
			files = (
			);
			runOnlyForDeploymentPostprocessing = 0;
		};
/* End PBXResourcesBuildPhase section */

/* Begin PBXSourcesBuildPhase section */
		C27DBBF7234D70A0003F6F35 /* Sources */ = {
			isa = PBXSourcesBuildPhase;
			buildActionMask = 2147483647;
			files = (
				C27DBBFF234D70A0003F6F35 /* AppDelegate.swift in Sources */,
				C27DBC2F234D8429003F6F35 /* CircleImage.swift in Sources */,
				C27DBC01234D70A0003F6F35 /* SceneDelegate.swift in Sources */,
				C27DBC03234D70A0003F6F35 /* ContentView.swift in Sources */,
			);
			runOnlyForDeploymentPostprocessing = 0;
		};
		C27DBC0D234D70A5003F6F35 /* Sources */ = {
			isa = PBXSourcesBuildPhase;
			buildActionMask = 2147483647;
			files = (
				C27DBC16234D70A5003F6F35 /* SwiftUIDemoTests.swift in Sources */,
			);
			runOnlyForDeploymentPostprocessing = 0;
		};
		C27DBC18234D70A5003F6F35 /* Sources */ = {
			isa = PBXSourcesBuildPhase;
			buildActionMask = 2147483647;
			files = (
				C27DBC21234D70A5003F6F35 /* SwiftUIDemoUITests.swift in Sources */,
			);
			runOnlyForDeploymentPostprocessing = 0;
		};
/* End PBXSourcesBuildPhase section */

/* Begin PBXTargetDependency section */
		C27DBC13234D70A5003F6F35 /* PBXTargetDependency */ = {
			isa = PBXTargetDependency;
			target = C27DBBFA234D70A0003F6F35 /* SwiftUIDemo */;
			targetProxy = C27DBC12234D70A5003F6F35 /* PBXContainerItemProxy */;
		};
		C27DBC1E234D70A5003F6F35 /* PBXTargetDependency */ = {
			isa = PBXTargetDependency;
			target = C27DBBFA234D70A0003F6F35 /* SwiftUIDemo */;
			targetProxy = C27DBC1D234D70A5003F6F35 /* PBXContainerItemProxy */;
		};
/* End PBXTargetDependency section */

/* Begin PBXVariantGroup section */
		C27DBC09234D70A4003F6F35 /* LaunchScreen.storyboard */ = {
			isa = PBXVariantGroup;
			children = (
				C27DBC0A234D70A4003F6F35 /* Base */,
			);
			name = LaunchScreen.storyboard;
			sourceTree = "<group>";
		};
/* End PBXVariantGroup section */

/* Begin XCBuildConfiguration section */
		C27DBC23234D70A5003F6F35 /* Debug */ = {
			isa = XCBuildConfiguration;
			buildSettings = {
				ALWAYS_SEARCH_USER_PATHS = NO;
				CLANG_ANALYZER_NONNULL = YES;
				CLANG_ANALYZER_NUMBER_OBJECT_CONVERSION = YES_AGGRESSIVE;
				CLANG_CXX_LANGUAGE_STANDARD = "gnu++14";
				CLANG_CXX_LIBRARY = "libc++";
				CLANG_ENABLE_MODULES = YES;
				CLANG_ENABLE_OBJC_ARC = YES;
				CLANG_ENABLE_OBJC_WEAK = YES;
				CLANG_WARN_BLOCK_CAPTURE_AUTORELEASING = YES;
				CLANG_WARN_BOOL_CONVERSION = YES;
				CLANG_WARN_COMMA = YES;
				CLANG_WARN_CONSTANT_CONVERSION = YES;
				CLANG_WARN_DEPRECATED_OBJC_IMPLEMENTATIONS = YES;
				CLANG_WARN_DIRECT_OBJC_ISA_USAGE = YES_ERROR;
				CLANG_WARN_DOCUMENTATION_COMMENTS = YES;
				CLANG_WARN_EMPTY_BODY = YES;
				CLANG_WARN_ENUM_CONVERSION = YES;
				CLANG_WARN_INFINITE_RECURSION = YES;
				CLANG_WARN_INT_CONVERSION = YES;
				CLANG_WARN_NON_LITERAL_NULL_CONVERSION = YES;
				CLANG_WARN_OBJC_IMPLICIT_RETAIN_SELF = YES;
				CLANG_WARN_OBJC_LITERAL_CONVERSION = YES;
				CLANG_WARN_OBJC_ROOT_CLASS = YES_ERROR;
				CLANG_WARN_RANGE_LOOP_ANALYSIS = YES;
				CLANG_WARN_STRICT_PROTOTYPES = YES;
				CLANG_WARN_SUSPICIOUS_MOVE = YES;
				CLANG_WARN_UNGUARDED_AVAILABILITY = YES_AGGRESSIVE;
				CLANG_WARN_UNREACHABLE_CODE = YES;
				CLANG_WARN__DUPLICATE_METHOD_MATCH = YES;
				COPY_PHASE_STRIP = NO;
				DEBUG_INFORMATION_FORMAT = dwarf;
				ENABLE_STRICT_OBJC_MSGSEND = YES;
				ENABLE_TESTABILITY = YES;
				GCC_C_LANGUAGE_STANDARD = gnu11;
				GCC_DYNAMIC_NO_PIC = NO;
				GCC_NO_COMMON_BLOCKS = YES;
				GCC_OPTIMIZATION_LEVEL = 0;
				GCC_PREPROCESSOR_DEFINITIONS = (
					"DEBUG=1",
					"$(inherited)",
				);
				GCC_WARN_64_TO_32_BIT_CONVERSION = YES;
				GCC_WARN_ABOUT_RETURN_TYPE = YES_ERROR;
				GCC_WARN_UNDECLARED_SELECTOR = YES;
				GCC_WARN_UNINITIALIZED_AUTOS = YES_AGGRESSIVE;
				GCC_WARN_UNUSED_FUNCTION = YES;
				GCC_WARN_UNUSED_VARIABLE = YES;
				IPHONEOS_DEPLOYMENT_TARGET = 13.1;
				MTL_ENABLE_DEBUG_INFO = INCLUDE_SOURCE;
				MTL_FAST_MATH = YES;
				ONLY_ACTIVE_ARCH = YES;
				SDKROOT = iphoneos;
				SWIFT_ACTIVE_COMPILATION_CONDITIONS = DEBUG;
				SWIFT_OPTIMIZATION_LEVEL = "-Onone";
			};
			name = Debug;
		};
		C27DBC24234D70A5003F6F35 /* Release */ = {
			isa = XCBuildConfiguration;
			buildSettings = {
				ALWAYS_SEARCH_USER_PATHS = NO;
				CLANG_ANALYZER_NONNULL = YES;
				CLANG_ANALYZER_NUMBER_OBJECT_CONVERSION = YES_AGGRESSIVE;
				CLANG_CXX_LANGUAGE_STANDARD = "gnu++14";
				CLANG_CXX_LIBRARY = "libc++";
				CLANG_ENABLE_MODULES = YES;
				CLANG_ENABLE_OBJC_ARC = YES;
				CLANG_ENABLE_OBJC_WEAK = YES;
				CLANG_WARN_BLOCK_CAPTURE_AUTORELEASING = YES;
				CLANG_WARN_BOOL_CONVERSION = YES;
				CLANG_WARN_COMMA = YES;
				CLANG_WARN_CONSTANT_CONVERSION = YES;
				CLANG_WARN_DEPRECATED_OBJC_IMPLEMENTATIONS = YES;
				CLANG_WARN_DIRECT_OBJC_ISA_USAGE = YES_ERROR;
				CLANG_WARN_DOCUMENTATION_COMMENTS = YES;
				CLANG_WARN_EMPTY_BODY = YES;
				CLANG_WARN_ENUM_CONVERSION = YES;
				CLANG_WARN_INFINITE_RECURSION = YES;
				CLANG_WARN_INT_CONVERSION = YES;
				CLANG_WARN_NON_LITERAL_NULL_CONVERSION = YES;
				CLANG_WARN_OBJC_IMPLICIT_RETAIN_SELF = YES;
				CLANG_WARN_OBJC_LITERAL_CONVERSION = YES;
				CLANG_WARN_OBJC_ROOT_CLASS = YES_ERROR;
				CLANG_WARN_RANGE_LOOP_ANALYSIS = YES;
				CLANG_WARN_STRICT_PROTOTYPES = YES;
				CLANG_WARN_SUSPICIOUS_MOVE = YES;
				CLANG_WARN_UNGUARDED_AVAILABILITY = YES_AGGRESSIVE;
				CLANG_WARN_UNREACHABLE_CODE = YES;
				CLANG_WARN__DUPLICATE_METHOD_MATCH = YES;
				COPY_PHASE_STRIP = NO;
				DEBUG_INFORMATION_FORMAT = "dwarf-with-dsym";
				ENABLE_NS_ASSERTIONS = NO;
				ENABLE_STRICT_OBJC_MSGSEND = YES;
				GCC_C_LANGUAGE_STANDARD = gnu11;
				GCC_NO_COMMON_BLOCKS = YES;
				GCC_WARN_64_TO_32_BIT_CONVERSION = YES;
				GCC_WARN_ABOUT_RETURN_TYPE = YES_ERROR;
				GCC_WARN_UNDECLARED_SELECTOR = YES;
				GCC_WARN_UNINITIALIZED_AUTOS = YES_AGGRESSIVE;
				GCC_WARN_UNUSED_FUNCTION = YES;
				GCC_WARN_UNUSED_VARIABLE = YES;
				IPHONEOS_DEPLOYMENT_TARGET = 13.1;
				MTL_ENABLE_DEBUG_INFO = NO;
				MTL_FAST_MATH = YES;
				SDKROOT = iphoneos;
				SWIFT_COMPILATION_MODE = wholemodule;
				SWIFT_OPTIMIZATION_LEVEL = "-O";
				VALIDATE_PRODUCT = YES;
			};
			name = Release;
		};
		C27DBC26234D70A5003F6F35 /* Debug */ = {
			isa = XCBuildConfiguration;
			buildSettings = {
				ASSETCATALOG_COMPILER_APPICON_NAME = AppIcon;
				CODE_SIGN_STYLE = Automatic;
				DEVELOPMENT_ASSET_PATHS = "\"SwiftUIDemo/Preview Content\"";
				DEVELOPMENT_TEAM = D46B23F9AD;
				ENABLE_PREVIEWS = YES;
				INFOPLIST_FILE = SwiftUIDemo/Info.plist;
				LD_RUNPATH_SEARCH_PATHS = (
					"$(inherited)",
					"@executable_path/Frameworks",
				);
				PRODUCT_BUNDLE_IDENTIFIER = com.zone.SwiftUIDemo;
				PRODUCT_NAME = "$(TARGET_NAME)";
				SWIFT_VERSION = 5.0;
				TARGETED_DEVICE_FAMILY = "1,2";
			};
			name = Debug;
		};
		C27DBC27234D70A5003F6F35 /* Release */ = {
			isa = XCBuildConfiguration;
			buildSettings = {
				ASSETCATALOG_COMPILER_APPICON_NAME = AppIcon;
				CODE_SIGN_STYLE = Automatic;
				DEVELOPMENT_ASSET_PATHS = "\"SwiftUIDemo/Preview Content\"";
				DEVELOPMENT_TEAM = D46B23F9AD;
				ENABLE_PREVIEWS = YES;
				INFOPLIST_FILE = SwiftUIDemo/Info.plist;
				LD_RUNPATH_SEARCH_PATHS = (
					"$(inherited)",
					"@executable_path/Frameworks",
				);
				PRODUCT_BUNDLE_IDENTIFIER = com.zone.SwiftUIDemo;
				PRODUCT_NAME = "$(TARGET_NAME)";
				SWIFT_VERSION = 5.0;
				TARGETED_DEVICE_FAMILY = "1,2";
			};
			name = Release;
		};
		C27DBC29234D70A5003F6F35 /* Debug */ = {
			isa = XCBuildConfiguration;
			buildSettings = {
				ALWAYS_EMBED_SWIFT_STANDARD_LIBRARIES = YES;
				BUNDLE_LOADER = "$(TEST_HOST)";
				CODE_SIGN_STYLE = Automatic;
				DEVELOPMENT_TEAM = D46B23F9AD;
				INFOPLIST_FILE = SwiftUIDemoTests/Info.plist;
				IPHONEOS_DEPLOYMENT_TARGET = 13.1;
				LD_RUNPATH_SEARCH_PATHS = (
					"$(inherited)",
					"@executable_path/Frameworks",
					"@loader_path/Frameworks",
				);
				PRODUCT_BUNDLE_IDENTIFIER = com.zone.SwiftUIDemoTests;
				PRODUCT_NAME = "$(TARGET_NAME)";
				SWIFT_VERSION = 5.0;
				TARGETED_DEVICE_FAMILY = "1,2";
				TEST_HOST = "$(BUILT_PRODUCTS_DIR)/SwiftUIDemo.app/SwiftUIDemo";
			};
			name = Debug;
		};
		C27DBC2A234D70A5003F6F35 /* Release */ = {
			isa = XCBuildConfiguration;
			buildSettings = {
				ALWAYS_EMBED_SWIFT_STANDARD_LIBRARIES = YES;
				BUNDLE_LOADER = "$(TEST_HOST)";
				CODE_SIGN_STYLE = Automatic;
				DEVELOPMENT_TEAM = D46B23F9AD;
				INFOPLIST_FILE = SwiftUIDemoTests/Info.plist;
				IPHONEOS_DEPLOYMENT_TARGET = 13.1;
				LD_RUNPATH_SEARCH_PATHS = (
					"$(inherited)",
					"@executable_path/Frameworks",
					"@loader_path/Frameworks",
				);
				PRODUCT_BUNDLE_IDENTIFIER = com.zone.SwiftUIDemoTests;
				PRODUCT_NAME = "$(TARGET_NAME)";
				SWIFT_VERSION = 5.0;
				TARGETED_DEVICE_FAMILY = "1,2";
				TEST_HOST = "$(BUILT_PRODUCTS_DIR)/SwiftUIDemo.app/SwiftUIDemo";
			};
			name = Release;
		};
		C27DBC2C234D70A5003F6F35 /* Debug */ = {
			isa = XCBuildConfiguration;
			buildSettings = {
				ALWAYS_EMBED_SWIFT_STANDARD_LIBRARIES = YES;
				CODE_SIGN_STYLE = Automatic;
				DEVELOPMENT_TEAM = D46B23F9AD;
				INFOPLIST_FILE = SwiftUIDemoUITests/Info.plist;
				LD_RUNPATH_SEARCH_PATHS = (
					"$(inherited)",
					"@executable_path/Frameworks",
					"@loader_path/Frameworks",
				);
				PRODUCT_BUNDLE_IDENTIFIER = com.zone.SwiftUIDemoUITests;
				PRODUCT_NAME = "$(TARGET_NAME)";
				SWIFT_VERSION = 5.0;
				TARGETED_DEVICE_FAMILY = "1,2";
				TEST_TARGET_NAME = SwiftUIDemo;
			};
			name = Debug;
		};
		C27DBC2D234D70A5003F6F35 /* Release */ = {
			isa = XCBuildConfiguration;
			buildSettings = {
				ALWAYS_EMBED_SWIFT_STANDARD_LIBRARIES = YES;
				CODE_SIGN_STYLE = Automatic;
				DEVELOPMENT_TEAM = D46B23F9AD;
				INFOPLIST_FILE = SwiftUIDemoUITests/Info.plist;
				LD_RUNPATH_SEARCH_PATHS = (
					"$(inherited)",
					"@executable_path/Frameworks",
					"@loader_path/Frameworks",
				);
				PRODUCT_BUNDLE_IDENTIFIER = com.zone.SwiftUIDemoUITests;
				PRODUCT_NAME = "$(TARGET_NAME)";
				SWIFT_VERSION = 5.0;
				TARGETED_DEVICE_FAMILY = "1,2";
				TEST_TARGET_NAME = SwiftUIDemo;
			};
			name = Release;
		};
/* End XCBuildConfiguration section */

/* Begin XCConfigurationList section */
		C27DBBF6234D709F003F6F35 /* Build configuration list for PBXProject "SwiftUIDemo" */ = {
			isa = XCConfigurationList;
			buildConfigurations = (
				C27DBC23234D70A5003F6F35 /* Debug */,
				C27DBC24234D70A5003F6F35 /* Release */,
			);
			defaultConfigurationIsVisible = 0;
			defaultConfigurationName = Release;
		};
		C27DBC25234D70A5003F6F35 /* Build configuration list for PBXNativeTarget "SwiftUIDemo" */ = {
			isa = XCConfigurationList;
			buildConfigurations = (
				C27DBC26234D70A5003F6F35 /* Debug */,
				C27DBC27234D70A5003F6F35 /* Release */,
			);
			defaultConfigurationIsVisible = 0;
			defaultConfigurationName = Release;
		};
		C27DBC28234D70A5003F6F35 /* Build configuration list for PBXNativeTarget "SwiftUIDemoTests" */ = {
			isa = XCConfigurationList;
			buildConfigurations = (
				C27DBC29234D70A5003F6F35 /* Debug */,
				C27DBC2A234D70A5003F6F35 /* Release */,
			);
			defaultConfigurationIsVisible = 0;
			defaultConfigurationName = Release;
		};
		C27DBC2B234D70A5003F6F35 /* Build configuration list for PBXNativeTarget "SwiftUIDemoUITests" */ = {
			isa = XCConfigurationList;
			buildConfigurations = (
				C27DBC2C234D70A5003F6F35 /* Debug */,
				C27DBC2D234D70A5003F6F35 /* Release */,
			);
			defaultConfigurationIsVisible = 0;
			defaultConfigurationName = Release;
		};
/* End XCConfigurationList section */
	};
	rootObject = C27DBBF3234D709F003F6F35 /* Project object */;
}
